
Microsoft Visual Studio Solution File, Format Version 12.00
# Visual Studio Version 16
VisualStudioVersion = 16.0.30225.117
MinimumVisualStudioVersion = 10.0.40219.1
Project("{FAE04EC0-301F-11D3-BF4B-00C04F79EFBC}") = "GTAAudioSharp", "GTAAudioSharp\GTAAudioSharp.csproj", "{FBC7FEFA-74D8-44EA-99ED-E758C51A7BCB}"
EndProject
Project("{FAE04EC0-301F-11D3-BF4B-00C04F79EFBC}") = "GTAAudioSharpUnitTest", "GTAAudioSharpUnitTest\GTAAudioSharpUnitTest.csproj", "{A907FE42-A3F3-4042-B1E4-EAE87263F2BE}"
EndProject
Global
	GlobalSection(SolutionConfigurationPlatforms) = preSolution
		Debug|Any CPU = Debug|Any CPU
		Release|Any CPU = Release|Any CPU
	EndGlobalSection
	GlobalSection(ProjectConfigurationPlatforms) = postSolution
		{FBC7FEFA-74D8-44EA-99ED-E758C51A7BCB}.Debug|Any CPU.ActiveCfg = Debug|Any CPU
		{FBC7FEFA-74D8-44EA-99ED-E758C51A7BCB}.Debug|Any CPU.Build.0 = Debug|Any CPU
		{FBC7FEFA-74D8-44EA-99ED-E758C51A7BCB}.Release|Any CPU.ActiveCfg = Release|Any CPU
		{FBC7FEFA-74D8-44EA-99ED-E758C51A7BCB}.Release|Any CPU.Build.0 = Release|Any CPU
		{A907FE42-A3F3-4042-B1E4-EAE87263F2BE}.Debug|Any CPU.ActiveCfg = Debug|Any CPU
		{A907FE42-A3F3-4042-B1E4-EAE87263F2BE}.Debug|Any CPU.Build.0 = Debug|Any CPU
		{A907FE42-A3F3-4042-B1E4-EAE87263F2BE}.Release|Any CPU.ActiveCfg = Release|Any CPU
		{A907FE42-A3F3-4042-B1E4-EAE87263F2BE}.Release|Any CPU.Build.0 = Release|Any CPU
	EndGlobalSection
	GlobalSection(SolutionProperties) = preSolution
		HideSolutionNode = FALSE
	EndGlobalSection
	GlobalSection(ExtensibilityGlobals) = postSolution
		SolutionGuid = {14FCD33E-5123-4126-80B8-AE9C45249C8C}
	EndGlobalSection
EndGlobal
